// !$*UTF8*$!
{
	archiveVersion = 1;
	classes = {
	};
	objectVersion = 46;
	objects = {

/* Begin PBXBuildFile section */
		1AF7C241192DA294003FE4D4 /* Foundation.framework in Frameworks */ = {isa = PBXBuildFile; fileRef = 1AF7C240192DA294003FE4D4 /* Foundation.framework */; };
		1AF7C243192DA294003FE4D4 /* CoreGraphics.framework in Frameworks */ = {isa = PBXBuildFile; fileRef = 1AF7C242192DA294003FE4D4 /* CoreGraphics.framework */; };
		1AF7C245192DA294003FE4D4 /* UIKit.framework in Frameworks */ = {isa = PBXBuildFile; fileRef = 1AF7C244192DA294003FE4D4 /* UIKit.framework */; };
		1AF7C24B192DA294003FE4D4 /* InfoPlist.strings in Resources */ = {isa = PBXBuildFile; fileRef = 1AF7C249192DA294003FE4D4 /* InfoPlist.strings */; };
		1AF7C24D192DA294003FE4D4 /* main.m in Sources */ = {isa = PBXBuildFile; fileRef = 1AF7C24C192DA294003FE4D4 /* main.m */; };
		1AF7C251192DA294003FE4D4 /* G21AppDelegate.m in Sources */ = {isa = PBXBuildFile; fileRef = 1AF7C250192DA294003FE4D4 /* G21AppDelegate.m */; };
		1AF7C253192DA294003FE4D4 /* Images.xcassets in Resources */ = {isa = PBXBuildFile; fileRef = 1AF7C252192DA294003FE4D4 /* Images.xcassets */; };
		1AF7C25A192DA294003FE4D4 /* XCTest.framework in Frameworks */ = {isa = PBXBuildFile; fileRef = 1AF7C259192DA294003FE4D4 /* XCTest.framework */; };
		1AF7C25B192DA294003FE4D4 /* Foundation.framework in Frameworks */ = {isa = PBXBuildFile; fileRef = 1AF7C240192DA294003FE4D4 /* Foundation.framework */; };
		1AF7C25C192DA294003FE4D4 /* UIKit.framework in Frameworks */ = {isa = PBXBuildFile; fileRef = 1AF7C244192DA294003FE4D4 /* UIKit.framework */; };
		1AF7C264192DA294003FE4D4 /* InfoPlist.strings in Resources */ = {isa = PBXBuildFile; fileRef = 1AF7C262192DA294003FE4D4 /* InfoPlist.strings */; };
		1AF7C266192DA294003FE4D4 /* Game21Tests.m in Sources */ = {isa = PBXBuildFile; fileRef = 1AF7C265192DA294003FE4D4 /* Game21Tests.m */; };
/* End PBXBuildFile section */

/* Begin PBXContainerItemProxy section */
		1AF7C25D192DA294003FE4D4 /* PBXContainerItemProxy */ = {
			isa = PBXContainerItemProxy;
			containerPortal = 1AF7C235192DA294003FE4D4 /* Project object */;
			proxyType = 1;
			remoteGlobalIDString = 1AF7C23C192DA294003FE4D4;
			remoteInfo = Game21;
		};
/* End PBXContainerItemProxy section */

/* Begin PBXFileReference section */
		1AF7C23D192DA294003FE4D4 /* Game21.app */ = {isa = PBXFileReference; explicitFileType = wrapper.application; includeInIndex = 0; path = Game21.app; sourceTree = BUILT_PRODUCTS_DIR; };
		1AF7C240192DA294003FE4D4 /* Foundation.framework */ = {isa = PBXFileReference; lastKnownFileType = wrapper.framework; name = Foundation.framework; path = System/Library/Frameworks/Foundation.framework; sourceTree = SDKROOT; };
		1AF7C242192DA294003FE4D4 /* CoreGraphics.framework */ = {isa = PBXFileReference; lastKnownFileType = wrapper.framework; name = CoreGraphics.framework; path = System/Library/Frameworks/CoreGraphics.framework; sourceTree = SDKROOT; };
		1AF7C244192DA294003FE4D4 /* UIKit.framework */ = {isa = PBXFileReference; lastKnownFileType = wrapper.framework; name = UIKit.framework; path = System/Library/Frameworks/UIKit.framework; sourceTree = SDKROOT; };
		1AF7C248192DA294003FE4D4 /* Game21-Info.plist */ = {isa = PBXFileReference; lastKnownFileType = text.plist.xml; path = "Game21-Info.plist"; sourceTree = "<group>"; };
		1AF7C24A192DA294003FE4D4 /* en */ = {isa = PBXFileReference; lastKnownFileType = text.plist.strings; name = en; path = en.lproj/InfoPlist.strings; sourceTree = "<group>"; };
		1AF7C24C192DA294003FE4D4 /* main.m */ = {isa = PBXFileReference; lastKnownFileType = sourcecode.c.objc; path = main.m; sourceTree = "<group>"; };
		1AF7C24E192DA294003FE4D4 /* Game21-Prefix.pch */ = {isa = PBXFileReference; lastKnownFileType = sourcecode.c.h; path = "Game21-Prefix.pch"; sourceTree = "<group>"; };
		1AF7C24F192DA294003FE4D4 /* G21AppDelegate.h */ = {isa = PBXFileReference; lastKnownFileType = sourcecode.c.h; path = G21AppDelegate.h; sourceTree = "<group>"; };
		1AF7C250192DA294003FE4D4 /* G21AppDelegate.m */ = {isa = PBXFileReference; lastKnownFileType = sourcecode.c.objc; path = G21AppDelegate.m; sourceTree = "<group>"; };
		1AF7C252192DA294003FE4D4 /* Images.xcassets */ = {isa = PBXFileReference; lastKnownFileType = folder.assetcatalog; path = Images.xcassets; sourceTree = "<group>"; };
		1AF7C258192DA294003FE4D4 /* Game21Tests.xctest */ = {isa = PBXFileReference; explicitFileType = wrapper.cfbundle; includeInIndex = 0; path = Game21Tests.xctest; sourceTree = BUILT_PRODUCTS_DIR; };
		1AF7C259192DA294003FE4D4 /* XCTest.framework */ = {isa = PBXFileReference; lastKnownFileType = wrapper.framework; name = XCTest.framework; path = Library/Frameworks/XCTest.framework; sourceTree = DEVELOPER_DIR; };
		1AF7C261192DA294003FE4D4 /* Game21Tests-Info.plist */ = {isa = PBXFileReference; lastKnownFileType = text.plist.xml; path = "Game21Tests-Info.plist"; sourceTree = "<group>"; };
		1AF7C263192DA294003FE4D4 /* en */ = {isa = PBXFileReference; lastKnownFileType = text.plist.strings; name = en; path = en.lproj/InfoPlist.strings; sourceTree = "<group>"; };
		1AF7C265192DA294003FE4D4 /* Game21Tests.m */ = {isa = PBXFileReference; lastKnownFileType = sourcecode.c.objc; path = Game21Tests.m; sourceTree = "<group>"; };
/* End PBXFileReference section */

/* Begin PBXFrameworksBuildPhase section */
		1AF7C23A192DA294003FE4D4 /* Frameworks */ = {
			isa = PBXFrameworksBuildPhase;
			buildActionMask = 2147483647;
			files = (
				1AF7C243192DA294003FE4D4 /* CoreGraphics.framework in Frameworks */,
				1AF7C245192DA294003FE4D4 /* UIKit.framework in Frameworks */,
				1AF7C241192DA294003FE4D4 /* Foundation.framework in Frameworks */,
			);
			runOnlyForDeploymentPostprocessing = 0;
		};
		1AF7C255192DA294003FE4D4 /* Frameworks */ = {
			isa = PBXFrameworksBuildPhase;
			buildActionMask = 2147483647;
			files = (
				1AF7C25A192DA294003FE4D4 /* XCTest.framework in Frameworks */,
				1AF7C25C192DA294003FE4D4 /* UIKit.framework in Frameworks */,
				1AF7C25B192DA294003FE4D4 /* Foundation.framework in Frameworks */,
			);
			runOnlyForDeploymentPostprocessing = 0;
		};
/* End PBXFrameworksBuildPhase section */

/* Begin PBXGroup section */
		1AF7C234192DA294003FE4D4 = {
			isa = PBXGroup;
			children = (
				1AF7C246192DA294003FE4D4 /* Game21 */,
				1AF7C25F192DA294003FE4D4 /* Game21Tests */,
				1AF7C23F192DA294003FE4D4 /* Frameworks */,
				1AF7C23E192DA294003FE4D4 /* Products */,
			);
			sourceTree = "<group>";
		};
		1AF7C23E192DA294003FE4D4 /* Products */ = {
			isa = PBXGroup;
			children = (
				1AF7C23D192DA294003FE4D4 /* Game21.app */,
				1AF7C258192DA294003FE4D4 /* Game21Tests.xctest */,
			);
			name = Products;
			sourceTree = "<group>";
		};
		1AF7C23F192DA294003FE4D4 /* Frameworks */ = {
			isa = PBXGroup;
			children = (
				1AF7C240192DA294003FE4D4 /* Foundation.framework */,
				1AF7C242192DA294003FE4D4 /* CoreGraphics.framework */,
				1AF7C244192DA294003FE4D4 /* UIKit.framework */,
				1AF7C259192DA294003FE4D4 /* XCTest.framework */,
			);
			name = Frameworks;
			sourceTree = "<group>";
		};
		1AF7C246192DA294003FE4D4 /* Game21 */ = {
			isa = PBXGroup;
			children = (
				1AF7C24F192DA294003FE4D4 /* G21AppDelegate.h */,
				1AF7C250192DA294003FE4D4 /* G21AppDelegate.m */,
				1AF7C252192DA294003FE4D4 /* Images.xcassets */,
				1AF7C247192DA294003FE4D4 /* Supporting Files */,
			);
			path = Game21;
			sourceTree = "<group>";
		};
		1AF7C247192DA294003FE4D4 /* Supporting Files */ = {
			isa = PBXGroup;
			children = (
				1AF7C248192DA294003FE4D4 /* Game21-Info.plist */,
				1AF7C249192DA294003FE4D4 /* InfoPlist.strings */,
				1AF7C24C192DA294003FE4D4 /* main.m */,
				1AF7C24E192DA294003FE4D4 /* Game21-Prefix.pch */,
			);
			name = "Supporting Files";
			sourceTree = "<group>";
		};
		1AF7C25F192DA294003FE4D4 /* Game21Tests */ = {
			isa = PBXGroup;
			children = (
				1AF7C265192DA294003FE4D4 /* Game21Tests.m */,
				1AF7C260192DA294003FE4D4 /* Supporting Files */,
			);
			path = Game21Tests;
			sourceTree = "<group>";
		};
		1AF7C260192DA294003FE4D4 /* Supporting Files */ = {
			isa = PBXGroup;
			children = (
				1AF7C261192DA294003FE4D4 /* Game21Tests-Info.plist */,
				1AF7C262192DA294003FE4D4 /* InfoPlist.strings */,
			);
			name = "Supporting Files";
			sourceTree = "<group>";
		};
/* End PBXGroup section */

/* Begin PBXNativeTarget section */
		1AF7C23C192DA294003FE4D4 /* Game21 */ = {
			isa = PBXNativeTarget;
			buildConfigurationList = 1AF7C269192DA294003FE4D4 /* Build configuration list for PBXNativeTarget "Game21" */;
			buildPhases = (
				1AF7C239192DA294003FE4D4 /* Sources */,
				1AF7C23A192DA294003FE4D4 /* Frameworks */,
				1AF7C23B192DA294003FE4D4 /* Resources */,
			);
			buildRules = (
			);
			dependencies = (
			);
			name = Game21;
			productName = Game21;
			productReference = 1AF7C23D192DA294003FE4D4 /* Game21.app */;
			productType = "com.apple.product-type.application";
		};
		1AF7C257192DA294003FE4D4 /* Game21Tests */ = {
			isa = PBXNativeTarget;
			buildConfigurationList = 1AF7C26C192DA294003FE4D4 /* Build configuration list for PBXNativeTarget "Game21Tests" */;
			buildPhases = (
				1AF7C254192DA294003FE4D4 /* Sources */,
				1AF7C255192DA294003FE4D4 /* Frameworks */,
				1AF7C256192DA294003FE4D4 /* Resources */,
			);
			buildRules = (
			);
			dependencies = (
				1AF7C25E192DA294003FE4D4 /* PBXTargetDependency */,
			);
			name = Game21Tests;
			productName = Game21Tests;
			productReference = 1AF7C258192DA294003FE4D4 /* Game21Tests.xctest */;
			productType = "com.apple.product-type.bundle.unit-test";
		};
/* End PBXNativeTarget section */

/* Begin PBXProject section */
		1AF7C235192DA294003FE4D4 /* Project object */ = {
			isa = PBXProject;
			attributes = {
				CLASSPREFIX = G21;
				LastUpgradeCheck = 0510;
				ORGANIZATIONNAME = "Joshua E Smith";
				TargetAttributes = {
					1AF7C257192DA294003FE4D4 = {
						TestTargetID = 1AF7C23C192DA294003FE4D4;
					};
				};
			};
			buildConfigurationList = 1AF7C238192DA294003FE4D4 /* Build configuration list for PBXProject "Game21" */;
			compatibilityVersion = "Xcode 3.2";
			developmentRegion = English;
			hasScannedForEncodings = 0;
			knownRegions = (
				en,
			);
			mainGroup = 1AF7C234192DA294003FE4D4;
			productRefGroup = 1AF7C23E192DA294003FE4D4 /* Products */;
			projectDirPath = "";
			projectRoot = "";
			targets = (
				1AF7C23C192DA294003FE4D4 /* Game21 */,
				1AF7C257192DA294003FE4D4 /* Game21Tests */,
			);
		};
/* End PBXProject section */

/* Begin PBXResourcesBuildPhase section */
		1AF7C23B192DA294003FE4D4 /* Resources */ = {
			isa = PBXResourcesBuildPhase;
			buildActionMask = 2147483647;
			files = (
				1AF7C24B192DA294003FE4D4 /* InfoPlist.strings in Resources */,
				1AF7C253192DA294003FE4D4 /* Images.xcassets in Resources */,
			);
			runOnlyForDeploymentPostprocessing = 0;
		};
		1AF7C256192DA294003FE4D4 /* Resources */ = {
			isa = PBXResourcesBuildPhase;
			buildActionMask = 2147483647;
			files = (
				1AF7C264192DA294003FE4D4 /* InfoPlist.strings in Resources */,
			);
			runOnlyForDeploymentPostprocessing = 0;
		};
/* End PBXResourcesBuildPhase section */

/* Begin PBXSourcesBuildPhase section */
		1AF7C239192DA294003FE4D4 /* Sources */ = {
			isa = PBXSourcesBuildPhase;
			buildActionMask = 2147483647;
			files = (
				1AF7C24D192DA294003FE4D4 /* main.m in Sources */,
				1AF7C251192DA294003FE4D4 /* G21AppDelegate.m in Sources */,
			);
			runOnlyForDeploymentPostprocessing = 0;
		};
		1AF7C254192DA294003FE4D4 /* Sources */ = {
			isa = PBXSourcesBuildPhase;
			buildActionMask = 2147483647;
			files = (
				1AF7C266192DA294003FE4D4 /* Game21Tests.m in Sources */,
			);
			runOnlyForDeploymentPostprocessing = 0;
		};
/* End PBXSourcesBuildPhase section */

/* Begin PBXTargetDependency section */
		1AF7C25E192DA294003FE4D4 /* PBXTargetDependency */ = {
			isa = PBXTargetDependency;
			target = 1AF7C23C192DA294003FE4D4 /* Game21 */;
			targetProxy = 1AF7C25D192DA294003FE4D4 /* PBXContainerItemProxy */;
		};
/* End PBXTargetDependency section */

/* Begin PBXVariantGroup section */
		1AF7C249192DA294003FE4D4 /* InfoPlist.strings */ = {
			isa = PBXVariantGroup;
			children = (
				1AF7C24A192DA294003FE4D4 /* en */,
			);
			name = InfoPlist.strings;
			sourceTree = "<group>";
		};
		1AF7C262192DA294003FE4D4 /* InfoPlist.strings */ = {
			isa = PBXVariantGroup;
			children = (
				1AF7C263192DA294003FE4D4 /* en */,
			);
			name = InfoPlist.strings;
			sourceTree = "<group>";
		};
/* End PBXVariantGroup section */

/* Begin XCBuildConfiguration section */
		1AF7C267192DA294003FE4D4 /* Debug */ = {
			isa = XCBuildConfiguration;
			buildSettings = {
				ALWAYS_SEARCH_USER_PATHS = NO;
				CLANG_CXX_LANGUAGE_STANDARD = "gnu++0x";
				CLANG_CXX_LIBRARY = "libc++";
				CLANG_ENABLE_MODULES = YES;
				CLANG_ENABLE_OBJC_ARC = YES;
				CLANG_WARN_BOOL_CONVERSION = YES;
				CLANG_WARN_CONSTANT_CONVERSION = YES;
				CLANG_WARN_DIRECT_OBJC_ISA_USAGE = YES_ERROR;
				CLANG_WARN_EMPTY_BODY = YES;
				CLANG_WARN_ENUM_CONVERSION = YES;
				CLANG_WARN_INT_CONVERSION = YES;
				CLANG_WARN_OBJC_ROOT_CLASS = YES_ERROR;
				CLANG_WARN__DUPLICATE_METHOD_MATCH = YES;
				"CODE_SIGN_IDENTITY[sdk=iphoneos*]" = "iPhone Developer";
				COPY_PHASE_STRIP = NO;
				GCC_C_LANGUAGE_STANDARD = gnu99;
				GCC_DYNAMIC_NO_PIC = NO;
				GCC_OPTIMIZATION_LEVEL = 0;
				GCC_PREPROCESSOR_DEFINITIONS = (
					"DEBUG=1",
					"$(inherited)",
				);
				GCC_SYMBOLS_PRIVATE_EXTERN = NO;
				GCC_WARN_64_TO_32_BIT_CONVERSION = YES;
				GCC_WARN_ABOUT_RETURN_TYPE = YES_ERROR;
				GCC_WARN_UNDECLARED_SELECTOR = YES;
				GCC_WARN_UNINITIALIZED_AUTOS = YES_AGGRESSIVE;
				GCC_WARN_UNUSED_FUNCTION = YES;
				GCC_WARN_UNUSED_VARIABLE = YES;
				IPHONEOS_DEPLOYMENT_TARGET = 7.1;
				ONLY_ACTIVE_ARCH = YES;
				SDKROOT = iphoneos;
			};
			name = Debug;
		};
		1AF7C268192DA294003FE4D4 /* Release */ = {
			isa = XCBuildConfiguration;
			buildSettings = {
				ALWAYS_SEARCH_USER_PATHS = NO;
				CLANG_CXX_LANGUAGE_STANDARD = "gnu++0x";
				CLANG_CXX_LIBRARY = "libc++";
				CLANG_ENABLE_MODULES = YES;
				CLANG_ENABLE_OBJC_ARC = YES;
				CLANG_WARN_BOOL_CONVERSION = YES;
				CLANG_WARN_CONSTANT_CONVERSION = YES;
				CLANG_WARN_DIRECT_OBJC_ISA_USAGE = YES_ERROR;
				CLANG_WARN_EMPTY_BODY = YES;
				CLANG_WARN_ENUM_CONVERSION = YES;
				CLANG_WARN_INT_CONVERSION = YES;
				CLANG_WARN_OBJC_ROOT_CLASS = YES_ERROR;
				CLANG_WARN__DUPLICATE_METHOD_MATCH = YES;
				"CODE_SIGN_IDENTITY[sdk=iphoneos*]" = "iPhone Developer";
				COPY_PHASE_STRIP = YES;
				ENABLE_NS_ASSERTIONS = NO;
				GCC_C_LANGUAGE_STANDARD = gnu99;
				GCC_WARN_64_TO_32_BIT_CONVERSION = YES;
				GCC_WARN_ABOUT_RETURN_TYPE = YES_ERROR;
				GCC_WARN_UNDECLARED_SELECTOR = YES;
				GCC_WARN_UNINITIALIZED_AUTOS = YES_AGGRESSIVE;
				GCC_WARN_UNUSED_FUNCTION = YES;
				GCC_WARN_UNUSED_VARIABLE = YES;
				IPHONEOS_DEPLOYMENT_TARGET = 7.1;
				SDKROOT = iphoneos;
				VALIDATE_PRODUCT = YES;
			};
			name = Release;
		};
		1AF7C26A192DA294003FE4D4 /* Debug */ = {
			isa = XCBuildConfiguration;
			buildSettings = {
				ASSETCATALOG_COMPILER_APPICON_NAME = AppIcon;
				ASSETCATALOG_COMPILER_LAUNCHIMAGE_NAME = LaunchImage;
				GCC_PRECOMPILE_PREFIX_HEADER = YES;
				GCC_PREFIX_HEADER = "Game21/Game21-Prefix.pch";
				INFOPLIST_FILE = "Game21/Game21-Info.plist";
				PRODUCT_NAME = "$(TARGET_NAME)";
				WRAPPER_EXTENSION = app;
			};
			name = Debug;
		};
		1AF7C26B192DA294003FE4D4 /* Release */ = {
			isa = XCBuildConfiguration;
			buildSettings = {
				ASSETCATALOG_COMPILER_APPICON_NAME = AppIcon;
				ASSETCATALOG_COMPILER_LAUNCHIMAGE_NAME = LaunchImage;
				GCC_PRECOMPILE_PREFIX_HEADER = YES;
				GCC_PREFIX_HEADER = "Game21/Game21-Prefix.pch";
				INFOPLIST_FILE = "Game21/Game21-Info.plist";
				PRODUCT_NAME = "$(TARGET_NAME)";
				WRAPPER_EXTENSION = app;
			};
			name = Release;
		};
		1AF7C26D192DA294003FE4D4 /* Debug */ = {
			isa = XCBuildConfiguration;
			buildSettings = {
				BUNDLE_LOADER = "$(BUILT_PRODUCTS_DIR)/Game21.app/Game21";
				FRAMEWORK_SEARCH_PATHS = (
					"$(SDKROOT)/Developer/Library/Frameworks",
					"$(inherited)",
					"$(DEVELOPER_FRAMEWORKS_DIR)",
				);
				GCC_PRECOMPILE_PREFIX_HEADER = YES;
				GCC_PREFIX_HEADER = "Game21/Game21-Prefix.pch";
				GCC_PREPROCESSOR_DEFINITIONS = (
					"DEBUG=1",
					"$(inherited)",
				);
				INFOPLIST_FILE = "Game21Tests/Game21Tests-Info.plist";
				PRODUCT_NAME = "$(TARGET_NAME)";
				TEST_HOST = "$(BUNDLE_LOADER)";
				WRAPPER_EXTENSION = xctest;
			};
			name = Debug;
		};
		1AF7C26E192DA294003FE4D4 /* Release */ = {
			isa = XCBuildConfiguration;
			buildSettings = {
				BUNDLE_LOADER = "$(BUILT_PRODUCTS_DIR)/Game21.app/Game21";
				FRAMEWORK_SEARCH_PATHS = (
					"$(SDKROOT)/Developer/Library/Frameworks",
					"$(inherited)",
					"$(DEVELOPER_FRAMEWORKS_DIR)",
				);
				GCC_PRECOMPILE_PREFIX_HEADER = YES;
				GCC_PREFIX_HEADER = "Game21/Game21-Prefix.pch";
				INFOPLIST_FILE = "Game21Tests/Game21Tests-Info.plist";
				PRODUCT_NAME = "$(TARGET_NAME)";
				TEST_HOST = "$(BUNDLE_LOADER)";
				WRAPPER_EXTENSION = xctest;
			};
			name = Release;
		};
/* End XCBuildConfiguration section */

/* Begin XCConfigurationList section */
		1AF7C238192DA294003FE4D4 /* Build configuration list for PBXProject "Game21" */ = {
			isa = XCConfigurationList;
			buildConfigurations = (
				1AF7C267192DA294003FE4D4 /* Debug */,
				1AF7C268192DA294003FE4D4 /* Release */,
			);
			defaultConfigurationIsVisible = 0;
			defaultConfigurationName = Release;
		};
		1AF7C269192DA294003FE4D4 /* Build configuration list for PBXNativeTarget "Game21" */ = {
			isa = XCConfigurationList;
			buildConfigurations = (
				1AF7C26A192DA294003FE4D4 /* Debug */,
				1AF7C26B192DA294003FE4D4 /* Release */,
			);
			defaultConfigurationIsVisible = 0;
		};
		1AF7C26C192DA294003FE4D4 /* Build configuration list for PBXNativeTarget "Game21Tests" */ = {
			isa = XCConfigurationList;
			buildConfigurations = (
				1AF7C26D192DA294003FE4D4 /* Debug */,
				1AF7C26E192DA294003FE4D4 /* Release */,
			);
			defaultConfigurationIsVisible = 0;
		};
/* End XCConfigurationList section */
	};
	rootObject = 1AF7C235192DA294003FE4D4 /* Project object */;
}
